
Microsoft Visual Studio Solution File, Format Version 12.00
# Visual Studio 2015
Project("{FAE04EC0-301F-11D3-BF4B-00C04F79EFBC}") = "KinectAirhockey-68a9fb03b587db702f445fbfd9e76c4343706cce.CSharp.Plugins", "KinectAirhockey-68a9fb03b587db702f445fbfd9e76c4343706cce.CSharp.Plugins.csproj", "{D4BC8A2B-4B00-4811-E4E3-62138DE1DFCD}"
EndProject
Project("{FAE04EC0-301F-11D3-BF4B-00C04F79EFBC}") = "KinectAirhockey-68a9fb03b587db702f445fbfd9e76c4343706cce.CSharp", "KinectAirhockey-68a9fb03b587db702f445fbfd9e76c4343706cce.CSharp.csproj", "{468AB7AE-9D35-9B5F-6B25-EF3E4CA40F33}"
EndProject
Project("{FAE04EC0-301F-11D3-BF4B-00C04F79EFBC}") = "KinectAirhockey-68a9fb03b587db702f445fbfd9e76c4343706cce.CSharp.Editor.Plugins", "KinectAirhockey-68a9fb03b587db702f445fbfd9e76c4343706cce.CSharp.Editor.Plugins.csproj", "{4855DA48-C8EF-7B1F-764C-9C4ACB03013A}"
EndProject
Global
	GlobalSection(SolutionConfigurationPlatforms) = preSolution
		Debug|Any CPU = Debug|Any CPU
		Release|Any CPU = Release|Any CPU
	EndGlobalSection
	GlobalSection(ProjectConfigurationPlatforms) = postSolution
		{D4BC8A2B-4B00-4811-E4E3-62138DE1DFCD}.Debug|Any CPU.ActiveCfg = Debug|Any CPU
		{D4BC8A2B-4B00-4811-E4E3-62138DE1DFCD}.Debug|Any CPU.Build.0 = Debug|Any CPU
		{D4BC8A2B-4B00-4811-E4E3-62138DE1DFCD}.Release|Any CPU.ActiveCfg = Release|Any CPU
		{D4BC8A2B-4B00-4811-E4E3-62138DE1DFCD}.Release|Any CPU.Build.0 = Release|Any CPU
		{468AB7AE-9D35-9B5F-6B25-EF3E4CA40F33}.Debug|Any CPU.ActiveCfg = Debug|Any CPU
		{468AB7AE-9D35-9B5F-6B25-EF3E4CA40F33}.Debug|Any CPU.Build.0 = Debug|Any CPU
		{468AB7AE-9D35-9B5F-6B25-EF3E4CA40F33}.Release|Any CPU.ActiveCfg = Release|Any CPU
		{468AB7AE-9D35-9B5F-6B25-EF3E4CA40F33}.Release|Any CPU.Build.0 = Release|Any CPU
		{4855DA48-C8EF-7B1F-764C-9C4ACB03013A}.Debug|Any CPU.ActiveCfg = Debug|Any CPU
		{4855DA48-C8EF-7B1F-764C-9C4ACB03013A}.Debug|Any CPU.Build.0 = Debug|Any CPU
		{4855DA48-C8EF-7B1F-764C-9C4ACB03013A}.Release|Any CPU.ActiveCfg = Release|Any CPU
		{4855DA48-C8EF-7B1F-764C-9C4ACB03013A}.Release|Any CPU.Build.0 = Release|Any CPU
	EndGlobalSection
	GlobalSection(SolutionProperties) = preSolution
		HideSolutionNode = FALSE
	EndGlobalSection
EndGlobal
